
Microsoft Visual Studio Solution File, Format Version 12.00
# Visual Studio Version 17
VisualStudioVersion = 17.6.33815.320
MinimumVisualStudioVersion = 10.0.40219.1
Project("{FAE04EC0-301F-11D3-BF4B-00C04F79EFBC}") = "Zadanko", "Zadanko\Zadanko.csproj", "{E85CAA91-26F2-425D-836F-D6D1D4B56B51}"
EndProject
Global
	GlobalSection(SolutionConfigurationPlatforms) = preSolution
		Debug|Any CPU = Debug|Any CPU
		Release|Any CPU = Release|Any CPU
	EndGlobalSection
	GlobalSection(ProjectConfigurationPlatforms) = postSolution
		{E85CAA91-26F2-425D-836F-D6D1D4B56B51}.Debug|Any CPU.ActiveCfg = Debug|Any CPU
		{E85CAA91-26F2-425D-836F-D6D1D4B56B51}.Debug|Any CPU.Build.0 = Debug|Any CPU
		{E85CAA91-26F2-425D-836F-D6D1D4B56B51}.Release|Any CPU.ActiveCfg = Release|Any CPU
		{E85CAA91-26F2-425D-836F-D6D1D4B56B51}.Release|Any CPU.Build.0 = Release|Any CPU
	EndGlobalSection
	GlobalSection(SolutionProperties) = preSolution
		HideSolutionNode = FALSE
	EndGlobalSection
	GlobalSection(ExtensibilityGlobals) = postSolution
		SolutionGuid = {6CBE09AA-D602-4AE5-A571-86176C6964A5}
	EndGlobalSection
EndGlobal
